
Microsoft Visual Studio Solution File, Format Version 12.00
# Visual Studio 15
VisualStudioVersion = 15.0.27703.2026
MinimumVisualStudioVersion = 10.0.40219.1
Project("{FAE04EC0-301F-11D3-BF4B-00C04F79EFBC}") = "CleverbotIO.Net", "CleverbotIO.Net\CleverbotIO.Net.csproj", "{FD955D9B-AF9B-4233-9E3C-D926A57723A9}"
EndProject
Global
	GlobalSection(SolutionConfigurationPlatforms) = preSolution
		Debug|Any CPU = Debug|Any CPU
		Release|Any CPU = Release|Any CPU
	EndGlobalSection
	GlobalSection(ProjectConfigurationPlatforms) = postSolution
		{FD955D9B-AF9B-4233-9E3C-D926A57723A9}.Debug|Any CPU.ActiveCfg = Debug|Any CPU
		{FD955D9B-AF9B-4233-9E3C-D926A57723A9}.Debug|Any CPU.Build.0 = Debug|Any CPU
		{FD955D9B-AF9B-4233-9E3C-D926A57723A9}.Release|Any CPU.ActiveCfg = Release|Any CPU
		{FD955D9B-AF9B-4233-9E3C-D926A57723A9}.Release|Any CPU.Build.0 = Release|Any CPU
	EndGlobalSection
	GlobalSection(SolutionProperties) = preSolution
		HideSolutionNode = FALSE
	EndGlobalSection
	GlobalSection(ExtensibilityGlobals) = postSolution
		SolutionGuid = {14179D3E-14E3-4680-8942-3BE811C9F4BB}
	EndGlobalSection
EndGlobal
